{
  "lib/ccip": {
    "rev": "065ef85b5fa52bb4583ebad9e51c20a977b64e7a"
  },
  "lib/chainlink-local": {
    "rev": "e06bc4085c6f3607f6a83fa19c2d24033e949993"
  },
  "lib/huffmate": {
    "rev": "4e2c9bd3412ab8cc65f6ceadafc01a1ff1815796"
  },
  "lib/openzeppelin-contracts-upgradeable": {
    "rev": "60b305a8f3ff0c7688f02ac470417b6bbf1c4d27"
  }
}